
Microsoft Visual Studio Solution File, Format Version 12.00
# Visual Studio Version 17
VisualStudioVersion = 17.12.35506.116 d17.12
MinimumVisualStudioVersion = 10.0.40219.1
Project("{FAE04EC0-301F-11D3-BF4B-00C04F79EFBC}") = "ValueTypeConversions_Basic_Level", "ValueTypeConversions_Basic_Level\ValueTypeConversions_Basic_Level.csproj", "{B501513C-9C4C-490B-ADC9-72F3A8CE0DC5}"
EndProject
Global
	GlobalSection(SolutionConfigurationPlatforms) = preSolution
		Debug|Any CPU = Debug|Any CPU
		Release|Any CPU = Release|Any CPU
	EndGlobalSection
	GlobalSection(ProjectConfigurationPlatforms) = postSolution
		{B501513C-9C4C-490B-ADC9-72F3A8CE0DC5}.Debug|Any CPU.ActiveCfg = Debug|Any CPU
		{B501513C-9C4C-490B-ADC9-72F3A8CE0DC5}.Debug|Any CPU.Build.0 = Debug|Any CPU
		{B501513C-9C4C-490B-ADC9-72F3A8CE0DC5}.Release|Any CPU.ActiveCfg = Release|Any CPU
		{B501513C-9C4C-490B-ADC9-72F3A8CE0DC5}.Release|Any CPU.Build.0 = Release|Any CPU
	EndGlobalSection
	GlobalSection(SolutionProperties) = preSolution
		HideSolutionNode = FALSE
	EndGlobalSection
EndGlobal
